
Microsoft Visual Studio Solution File, Format Version 12.00
# Visual Studio Version 17
VisualStudioVersion = 17.5.002.0
MinimumVisualStudioVersion = 10.0.40219.1
Project("{9A19103F-16F7-4668-BE54-9A1E7A4F7556}") = "HelloContainer", "HelloContainer\HelloContainer.csproj", "{3A4E52BD-E085-4920-BE85-376F6FC30717}"
EndProject
Global
	GlobalSection(SolutionConfigurationPlatforms) = preSolution
		Debug|Any CPU = Debug|Any CPU
		Release|Any CPU = Release|Any CPU
	EndGlobalSection
	GlobalSection(ProjectConfigurationPlatforms) = postSolution
		{3A4E52BD-E085-4920-BE85-376F6FC30717}.Debug|Any CPU.ActiveCfg = Debug|Any CPU
		{3A4E52BD-E085-4920-BE85-376F6FC30717}.Debug|Any CPU.Build.0 = Debug|Any CPU
		{3A4E52BD-E085-4920-BE85-376F6FC30717}.Release|Any CPU.ActiveCfg = Release|Any CPU
		{3A4E52BD-E085-4920-BE85-376F6FC30717}.Release|Any CPU.Build.0 = Release|Any CPU
	EndGlobalSection
	GlobalSection(SolutionProperties) = preSolution
		HideSolutionNode = FALSE
	EndGlobalSection
	GlobalSection(ExtensibilityGlobals) = postSolution
		SolutionGuid = {FB2F00DD-D02C-4D98-9E9D-1BEF0BC8FCA7}
	EndGlobalSection
EndGlobal
